
Microsoft Visual Studio Solution File, Format Version 12.00
# Visual Studio Version 17
VisualStudioVersion = 17.4.33403.182
MinimumVisualStudioVersion = 10.0.40219.1
Project("{FAE04EC0-301F-11D3-BF4B-00C04F79EFBC}") = "FirstAPIApp", "FirstAPIApp.csproj", "{93DB3249-AD04-4F03-BB37-FBC4D3FB240B}"
EndProject
Global
	GlobalSection(SolutionConfigurationPlatforms) = preSolution
		Debug|Any CPU = Debug|Any CPU
		Release|Any CPU = Release|Any CPU
	EndGlobalSection
	GlobalSection(ProjectConfigurationPlatforms) = postSolution
		{93DB3249-AD04-4F03-BB37-FBC4D3FB240B}.Debug|Any CPU.ActiveCfg = Debug|Any CPU
		{93DB3249-AD04-4F03-BB37-FBC4D3FB240B}.Debug|Any CPU.Build.0 = Debug|Any CPU
		{93DB3249-AD04-4F03-BB37-FBC4D3FB240B}.Release|Any CPU.ActiveCfg = Release|Any CPU
		{93DB3249-AD04-4F03-BB37-FBC4D3FB240B}.Release|Any CPU.Build.0 = Release|Any CPU
	EndGlobalSection
	GlobalSection(SolutionProperties) = preSolution
		HideSolutionNode = FALSE
	EndGlobalSection
	GlobalSection(ExtensibilityGlobals) = postSolution
		SolutionGuid = {38BE19B9-62F8-4991-BE48-4AF89DAF4AE5}
	EndGlobalSection
EndGlobal
